
Microsoft Visual Studio Solution File, Format Version 12.00
# Visual Studio Version 16
VisualStudioVersion = 16.0.31321.278
MinimumVisualStudioVersion = 10.0.40219.1
Project("{9A19103F-16F7-4668-BE54-9A1E7A4F7556}") = "DevProject.API", "src\DevProject.API\DevProject.API.csproj", "{A2A9BE35-B313-4767-ADE5-9EFC428757DE}"
EndProject
Project("{9A19103F-16F7-4668-BE54-9A1E7A4F7556}") = "DevProject.Core", "src\DevProject.Core\DevProject.Core.csproj", "{AB9FC371-898D-443F-BFA6-286DDF11D238}"
EndProject
Project("{FAE04EC0-301F-11D3-BF4B-00C04F79EFBC}") = "DevProject.Infrastructure", "src\DevProject.Infrastructure\DevProject.Infrastructure.csproj", "{A0210C08-2C73-4ED7-BBEA-A07787E6A228}"
EndProject
Global
	GlobalSection(SolutionConfigurationPlatforms) = preSolution
		Debug|Any CPU = Debug|Any CPU
		Release|Any CPU = Release|Any CPU
	EndGlobalSection
	GlobalSection(ProjectConfigurationPlatforms) = postSolution
		{A2A9BE35-B313-4767-ADE5-9EFC428757DE}.Debug|Any CPU.ActiveCfg = Debug|Any CPU
		{A2A9BE35-B313-4767-ADE5-9EFC428757DE}.Debug|Any CPU.Build.0 = Debug|Any CPU
		{A2A9BE35-B313-4767-ADE5-9EFC428757DE}.Release|Any CPU.ActiveCfg = Release|Any CPU
		{A2A9BE35-B313-4767-ADE5-9EFC428757DE}.Release|Any CPU.Build.0 = Release|Any CPU
		{AB9FC371-898D-443F-BFA6-286DDF11D238}.Debug|Any CPU.ActiveCfg = Debug|Any CPU
		{AB9FC371-898D-443F-BFA6-286DDF11D238}.Debug|Any CPU.Build.0 = Debug|Any CPU
		{AB9FC371-898D-443F-BFA6-286DDF11D238}.Release|Any CPU.ActiveCfg = Release|Any CPU
		{AB9FC371-898D-443F-BFA6-286DDF11D238}.Release|Any CPU.Build.0 = Release|Any CPU
		{A0210C08-2C73-4ED7-BBEA-A07787E6A228}.Debug|Any CPU.ActiveCfg = Debug|Any CPU
		{A0210C08-2C73-4ED7-BBEA-A07787E6A228}.Debug|Any CPU.Build.0 = Debug|Any CPU
		{A0210C08-2C73-4ED7-BBEA-A07787E6A228}.Release|Any CPU.ActiveCfg = Release|Any CPU
		{A0210C08-2C73-4ED7-BBEA-A07787E6A228}.Release|Any CPU.Build.0 = Release|Any CPU
	EndGlobalSection
	GlobalSection(SolutionProperties) = preSolution
		HideSolutionNode = FALSE
	EndGlobalSection
	GlobalSection(ExtensibilityGlobals) = postSolution
		SolutionGuid = {FBD01412-5144-4CDF-8FA7-232A61B14131}
	EndGlobalSection
EndGlobal
